Microsoft Visual Studio Solution File, Format Version 12.00
# Visual Studio 2012
Project("{FAE04EC0-301F-11D3-BF4B-00C04F79EFBC}") = "TabbySheetGodot", "TabbySheetGodot.csproj", "{B40FDE66-6D60-4FBF-90E3-158B39643231}"
EndProject
Global
	GlobalSection(SolutionConfigurationPlatforms) = preSolution
	Debug|Any CPU = Debug|Any CPU
	ExportDebug|Any CPU = ExportDebug|Any CPU
	ExportRelease|Any CPU = ExportRelease|Any CPU
	EndGlobalSection
	GlobalSection(ProjectConfigurationPlatforms) = postSolution
		{B40FDE66-6D60-4FBF-90E3-158B39643231}.Debug|Any CPU.ActiveCfg = Debug|Any CPU
		{B40FDE66-6D60-4FBF-90E3-158B39643231}.Debug|Any CPU.Build.0 = Debug|Any CPU
		{B40FDE66-6D60-4FBF-90E3-158B39643231}.ExportDebug|Any CPU.ActiveCfg = ExportDebug|Any CPU
		{B40FDE66-6D60-4FBF-90E3-158B39643231}.ExportDebug|Any CPU.Build.0 = ExportDebug|Any CPU
		{B40FDE66-6D60-4FBF-90E3-158B39643231}.ExportRelease|Any CPU.ActiveCfg = ExportRelease|Any CPU
		{B40FDE66-6D60-4FBF-90E3-158B39643231}.ExportRelease|Any CPU.Build.0 = ExportRelease|Any CPU
	EndGlobalSection
EndGlobal
